
Microsoft Visual Studio Solution File, Format Version 12.00
# Visual Studio Version 16
VisualStudioVersion = 16.0.31313.79
MinimumVisualStudioVersion = 10.0.40219.1
Project("{FAE04EC0-301F-11D3-BF4B-00C04F79EFBC}") = "PRN292_Project", "PRN292_Project.csproj", "{76A803F3-021F-408F-A2F0-B7A87722B55A}"
EndProject
Global
	GlobalSection(SolutionConfigurationPlatforms) = preSolution
		Debug|Any CPU = Debug|Any CPU
		Release|Any CPU = Release|Any CPU
	EndGlobalSection
	GlobalSection(ProjectConfigurationPlatforms) = postSolution
		{76A803F3-021F-408F-A2F0-B7A87722B55A}.Debug|Any CPU.ActiveCfg = Debug|Any CPU
		{76A803F3-021F-408F-A2F0-B7A87722B55A}.Debug|Any CPU.Build.0 = Debug|Any CPU
		{76A803F3-021F-408F-A2F0-B7A87722B55A}.Release|Any CPU.ActiveCfg = Release|Any CPU
		{76A803F3-021F-408F-A2F0-B7A87722B55A}.Release|Any CPU.Build.0 = Release|Any CPU
	EndGlobalSection
	GlobalSection(SolutionProperties) = preSolution
		HideSolutionNode = FALSE
	EndGlobalSection
	GlobalSection(ExtensibilityGlobals) = postSolution
		SolutionGuid = {A8887620-94D9-4B8E-8E0E-AFCCE49C42C0}
	EndGlobalSection
EndGlobal
